
Microsoft Visual Studio Solution File, Format Version 12.00
# Visual Studio 15
Project("{FAE04EC0-301F-11D3-BF4B-00C04F79EFBC}") = "UnityEngine.TestRunner", "UnityEngine.TestRunner.csproj", "{9BC2DB96-400E-1CC3-C283-E6983BE40562}"
EndProject
Project("{FAE04EC0-301F-11D3-BF4B-00C04F79EFBC}") = "Unity.2D.Animation.Triangle.Runtime", "Unity.2D.Animation.Triangle.Runtime.csproj", "{2E469C9F-1D7C-B0F0-CA87-B90CB4B31903}"
EndProject
Project("{FAE04EC0-301F-11D3-BF4B-00C04F79EFBC}") = "UnityEngine.UI", "UnityEngine.UI.csproj", "{55CE3C38-99CA-95E1-FED4-A75022F3AEEB}"
EndProject
Project("{FAE04EC0-301F-11D3-BF4B-00C04F79EFBC}") = "Unity.TextMeshPro", "Unity.TextMeshPro.csproj", "{3C84CDBD-6003-CD35-FE06-00D774B2DADA}"
EndProject
Project("{FAE04EC0-301F-11D3-BF4B-00C04F79EFBC}") = "Unity.2D.Animation.Runtime", "Unity.2D.Animation.Runtime.csproj", "{60C48962-8EA5-494F-B2FE-5B0A905A3CCF}"
EndProject
Project("{FAE04EC0-301F-11D3-BF4B-00C04F79EFBC}") = "Unity.Timeline", "Unity.Timeline.csproj", "{809BCACF-D111-5207-1C39-A4123B10B140}"
EndProject
Project("{FAE04EC0-301F-11D3-BF4B-00C04F79EFBC}") = "Unity.Mathematics", "Unity.Mathematics.csproj", "{2CE043C7-4C3C-CB53-0453-E5573B80F0CE}"
EndProject
Project("{FAE04EC0-301F-11D3-BF4B-00C04F79EFBC}") = "Unity.2D.SpriteShape.Runtime", "Unity.2D.SpriteShape.Runtime.csproj", "{67EB0E43-B1DA-7185-66C4-B48095A3BA1C}"
EndProject
Project("{FAE04EC0-301F-11D3-BF4B-00C04F79EFBC}") = "Unity.2D.PixelPerfect", "Unity.2D.PixelPerfect.csproj", "{6CEEB2D6-FB7F-79A2-778A-6A4193F99B99}"
EndProject
Project("{FAE04EC0-301F-11D3-BF4B-00C04F79EFBC}") = "Assembly-CSharp", "Assembly-CSharp.csproj", "{2E27DF60-1373-507B-3A12-FD9FBE315945}"
EndProject
Project("{FAE04EC0-301F-11D3-BF4B-00C04F79EFBC}") = "Unity.InternalAPIEngineBridge.001", "Unity.InternalAPIEngineBridge.001.csproj", "{4EACE549-EB64-669B-0090-4216A29A7D7C}"
EndProject
Project("{FAE04EC0-301F-11D3-BF4B-00C04F79EFBC}") = "Unity.2D.Common.Runtime", "Unity.2D.Common.Runtime.csproj", "{7527524D-6564-B819-AF36-5F3DE054C9B0}"
EndProject
Project("{FAE04EC0-301F-11D3-BF4B-00C04F79EFBC}") = "UnityEditor.TestRunner", "UnityEditor.TestRunner.csproj", "{6F4D71F2-0662-F301-FBE4-1A96ED429016}"
EndProject
Project("{FAE04EC0-301F-11D3-BF4B-00C04F79EFBC}") = "Unity.VisualStudio.Editor", "Unity.VisualStudio.Editor.csproj", "{1535B5EC-8744-D8F0-4A6D-14DE8FE808DE}"
EndProject
Project("{FAE04EC0-301F-11D3-BF4B-00C04F79EFBC}") = "Unity.TextMeshPro.Editor", "Unity.TextMeshPro.Editor.csproj", "{4188FBC2-03F7-A30A-443D-03D2A598527B}"
EndProject
Project("{FAE04EC0-301F-11D3-BF4B-00C04F79EFBC}") = "Unity.Timeline.Editor", "Unity.Timeline.Editor.csproj", "{D8338F43-4160-001E-3DD5-EDA2BC6F3594}"
EndProject
Project("{FAE04EC0-301F-11D3-BF4B-00C04F79EFBC}") = "Unity.PlasticSCM.Editor", "Unity.PlasticSCM.Editor.csproj", "{DD880994-B7B6-8050-0396-7AB29B15C0DE}"
EndProject
Project("{FAE04EC0-301F-11D3-BF4B-00C04F79EFBC}") = "Unity.2D.Animation.Editor", "Unity.2D.Animation.Editor.csproj", "{AC6659AB-E12D-102A-2157-916D85608D5B}"
EndProject
Project("{FAE04EC0-301F-11D3-BF4B-00C04F79EFBC}") = "Unity.2D.Path.Editor", "Unity.2D.Path.Editor.csproj", "{E2064A3F-AD55-D0B4-F51A-37C289BC7575}"
EndProject
Project("{FAE04EC0-301F-11D3-BF4B-00C04F79EFBC}") = "Unity.2D.Sprite.Editor", "Unity.2D.Sprite.Editor.csproj", "{F88FF1CB-ED91-8271-AF8B-C0F5D693C1FE}"
EndProject
Project("{FAE04EC0-301F-11D3-BF4B-00C04F79EFBC}") = "UnityEditor.UI", "UnityEditor.UI.csproj", "{63F790CF-BFCC-C78E-4E2F-225E534FB1DF}"
EndProject
Project("{FAE04EC0-301F-11D3-BF4B-00C04F79EFBC}") = "Unity.Rider.Editor", "Unity.Rider.Editor.csproj", "{B9A4A73F-1CDE-7224-D7F7-161849024807}"
EndProject
Project("{FAE04EC0-301F-11D3-BF4B-00C04F79EFBC}") = "Unity.2D.Tilemap.Editor", "Unity.2D.Tilemap.Editor.csproj", "{44030E1B-40F8-058B-28B9-F40983CD5B30}"
EndProject
Project("{FAE04EC0-301F-11D3-BF4B-00C04F79EFBC}") = "Unity.2D.SpriteShape.Editor", "Unity.2D.SpriteShape.Editor.csproj", "{56A1604E-AE9C-CA18-BAB9-34C1F19498D7}"
EndProject
Project("{FAE04EC0-301F-11D3-BF4B-00C04F79EFBC}") = "PsdPlugin", "PsdPlugin.csproj", "{50AC884F-EB15-0629-788E-FF81B820479C}"
EndProject
Project("{FAE04EC0-301F-11D3-BF4B-00C04F79EFBC}") = "Unity.CollabProxy.Editor", "Unity.CollabProxy.Editor.csproj", "{5A75EA45-C97C-CA8E-56CF-806FD4DD0AF5}"
EndProject
Project("{FAE04EC0-301F-11D3-BF4B-00C04F79EFBC}") = "Unity.VSCode.Editor", "Unity.VSCode.Editor.csproj", "{A05CC904-388D-E3EE-FCFD-F3340B69F5DB}"
EndProject
Project("{FAE04EC0-301F-11D3-BF4B-00C04F79EFBC}") = "Unity.2D.Common.Editor", "Unity.2D.Common.Editor.csproj", "{A989E8AB-9C5B-2382-3FC3-6D9AF11CEA8F}"
EndProject
Project("{FAE04EC0-301F-11D3-BF4B-00C04F79EFBC}") = "Unity.2D.Psdimporter.Editor", "Unity.2D.Psdimporter.Editor.csproj", "{E3A335E4-CE6D-1271-63AB-92673EDE97B5}"
EndProject
Project("{FAE04EC0-301F-11D3-BF4B-00C04F79EFBC}") = "Unity.2D.PixelPerfect.Editor", "Unity.2D.PixelPerfect.Editor.csproj", "{97333CCD-18C1-D9CB-0E08-CA7C9189C242}"
EndProject
Project("{FAE04EC0-301F-11D3-BF4B-00C04F79EFBC}") = "Unity.Mathematics.Editor", "Unity.Mathematics.Editor.csproj", "{62D4AB0C-9BFD-CC41-15C4-BEFCF31442F1}"
EndProject
Project("{FAE04EC0-301F-11D3-BF4B-00C04F79EFBC}") = "Unity.InternalAPIEditorBridge.001", "Unity.InternalAPIEditorBridge.001.csproj", "{F9B27BFD-82B5-FF54-D2FD-4D1175BD5048}"
EndProject
Project("{FAE04EC0-301F-11D3-BF4B-00C04F79EFBC}") = "UnityEngine.TestRunner", "UnityEngine.TestRunner.Player.csproj", "{0C92A0A4-FB57-492F-DE8D-5AE538356B8F}"
EndProject
Project("{FAE04EC0-301F-11D3-BF4B-00C04F79EFBC}") = "Unity.2D.Animation.Triangle.Runtime", "Unity.2D.Animation.Triangle.Runtime.Player.csproj", "{E68C5B3E-4386-B759-1DB9-5F505DFED3B6}"
EndProject
Project("{FAE04EC0-301F-11D3-BF4B-00C04F79EFBC}") = "UnityEngine.UI", "UnityEngine.UI.Player.csproj", "{BDABD9B9-F4F0-12E7-F563-A99285B51EBC}"
EndProject
Project("{FAE04EC0-301F-11D3-BF4B-00C04F79EFBC}") = "Unity.TextMeshPro", "Unity.TextMeshPro.Player.csproj", "{BE63ADD6-1404-C3D5-D94B-DC6989DB87D3}"
EndProject
Project("{FAE04EC0-301F-11D3-BF4B-00C04F79EFBC}") = "Unity.2D.Animation.Runtime", "Unity.2D.Animation.Runtime.Player.csproj", "{0DCAECA2-1CF9-70E0-683B-B9116E4173F9}"
EndProject
Project("{FAE04EC0-301F-11D3-BF4B-00C04F79EFBC}") = "Unity.Timeline", "Unity.Timeline.Player.csproj", "{6BAB3141-1A48-ABC6-6910-A83248C53D5F}"
EndProject
Project("{FAE04EC0-301F-11D3-BF4B-00C04F79EFBC}") = "Unity.Mathematics", "Unity.Mathematics.Player.csproj", "{F5935C60-539F-9D1E-F69A-909E62EF2BBE}"
EndProject
Project("{FAE04EC0-301F-11D3-BF4B-00C04F79EFBC}") = "Unity.2D.SpriteShape.Runtime", "Unity.2D.SpriteShape.Runtime.Player.csproj", "{0FBE4E73-035D-4463-6CB9-42E257A626CA}"
EndProject
Project("{FAE04EC0-301F-11D3-BF4B-00C04F79EFBC}") = "Unity.2D.PixelPerfect", "Unity.2D.PixelPerfect.Player.csproj", "{3B01699F-C591-6E38-6F0E-5D45FE95B432}"
EndProject
Project("{FAE04EC0-301F-11D3-BF4B-00C04F79EFBC}") = "Assembly-CSharp", "Assembly-CSharp.Player.csproj", "{D5BA2CA1-B30B-5932-8DDD-EB0BAE01617F}"
EndProject
Project("{FAE04EC0-301F-11D3-BF4B-00C04F79EFBC}") = "Unity.InternalAPIEngineBridge.001", "Unity.InternalAPIEngineBridge.001.Player.csproj", "{A1275DA3-F982-C256-E850-B55312C7B7D0}"
EndProject
Project("{FAE04EC0-301F-11D3-BF4B-00C04F79EFBC}") = "Unity.2D.Common.Runtime", "Unity.2D.Common.Runtime.Player.csproj", "{32E7BE5D-DB81-A31D-20AC-461D7CAA1CBA}"
EndProject
Global
	GlobalSection(SolutionConfigurationPlatforms) = preSolution
		Debug|Any CPU = Debug|Any CPU
		Release|Any CPU = Release|Any CPU
	EndGlobalSection
	GlobalSection(ProjectConfigurationPlatforms) = postSolution
		{9BC2DB96-400E-1CC3-C283-E6983BE40562}.Debug|Any CPU.ActiveCfg = Debug|Any CPU
		{9BC2DB96-400E-1CC3-C283-E6983BE40562}.Debug|Any CPU.Build.0 = Debug|Any CPU
		{9BC2DB96-400E-1CC3-C283-E6983BE40562}.Release|Any CPU.ActiveCfg = Release|Any CPU
		{9BC2DB96-400E-1CC3-C283-E6983BE40562}.Release|Any CPU.Build.0 = Release|Any CPU
		{2E469C9F-1D7C-B0F0-CA87-B90CB4B31903}.Debug|Any CPU.ActiveCfg = Debug|Any CPU
		{2E469C9F-1D7C-B0F0-CA87-B90CB4B31903}.Debug|Any CPU.Build.0 = Debug|Any CPU
		{2E469C9F-1D7C-B0F0-CA87-B90CB4B31903}.Release|Any CPU.ActiveCfg = Release|Any CPU
		{2E469C9F-1D7C-B0F0-CA87-B90CB4B31903}.Release|Any CPU.Build.0 = Release|Any CPU
		{55CE3C38-99CA-95E1-FED4-A75022F3AEEB}.Debug|Any CPU.ActiveCfg = Debug|Any CPU
		{55CE3C38-99CA-95E1-FED4-A75022F3AEEB}.Debug|Any CPU.Build.0 = Debug|Any CPU
		{55CE3C38-99CA-95E1-FED4-A75022F3AEEB}.Release|Any CPU.ActiveCfg = Release|Any CPU
		{55CE3C38-99CA-95E1-FED4-A75022F3AEEB}.Release|Any CPU.Build.0 = Release|Any CPU
		{3C84CDBD-6003-CD35-FE06-00D774B2DADA}.Debug|Any CPU.ActiveCfg = Debug|Any CPU
		{3C84CDBD-6003-CD35-FE06-00D774B2DADA}.Debug|Any CPU.Build.0 = Debug|Any CPU
		{3C84CDBD-6003-CD35-FE06-00D774B2DADA}.Release|Any CPU.ActiveCfg = Release|Any CPU
		{3C84CDBD-6003-CD35-FE06-00D774B2DADA}.Release|Any CPU.Build.0 = Release|Any CPU
		{60C48962-8EA5-494F-B2FE-5B0A905A3CCF}.Debug|Any CPU.ActiveCfg = Debug|Any CPU
		{60C48962-8EA5-494F-B2FE-5B0A905A3CCF}.Debug|Any CPU.Build.0 = Debug|Any CPU
		{60C48962-8EA5-494F-B2FE-5B0A905A3CCF}.Release|Any CPU.ActiveCfg = Release|Any CPU
		{60C48962-8EA5-494F-B2FE-5B0A905A3CCF}.Release|Any CPU.Build.0 = Release|Any CPU
		{809BCACF-D111-5207-1C39-A4123B10B140}.Debug|Any CPU.ActiveCfg = Debug|Any CPU
		{809BCACF-D111-5207-1C39-A4123B10B140}.Debug|Any CPU.Build.0 = Debug|Any CPU
		{809BCACF-D111-5207-1C39-A4123B10B140}.Release|Any CPU.ActiveCfg = Release|Any CPU
		{809BCACF-D111-5207-1C39-A4123B10B140}.Release|Any CPU.Build.0 = Release|Any CPU
		{2CE043C7-4C3C-CB53-0453-E5573B80F0CE}.Debug|Any CPU.ActiveCfg = Debug|Any CPU
		{2CE043C7-4C3C-CB53-0453-E5573B80F0CE}.Debug|Any CPU.Build.0 = Debug|Any CPU
		{2CE043C7-4C3C-CB53-0453-E5573B80F0CE}.Release|Any CPU.ActiveCfg = Release|Any CPU
		{2CE043C7-4C3C-CB53-0453-E5573B80F0CE}.Release|Any CPU.Build.0 = Release|Any CPU
		{67EB0E43-B1DA-7185-66C4-B48095A3BA1C}.Debug|Any CPU.ActiveCfg = Debug|Any CPU
		{67EB0E43-B1DA-7185-66C4-B48095A3BA1C}.Debug|Any CPU.Build.0 = Debug|Any CPU
		{67EB0E43-B1DA-7185-66C4-B48095A3BA1C}.Release|Any CPU.ActiveCfg = Release|Any CPU
		{67EB0E43-B1DA-7185-66C4-B48095A3BA1C}.Release|Any CPU.Build.0 = Release|Any CPU
		{6CEEB2D6-FB7F-79A2-778A-6A4193F99B99}.Debug|Any CPU.ActiveCfg = Debug|Any CPU
		{6CEEB2D6-FB7F-79A2-778A-6A4193F99B99}.Debug|Any CPU.Build.0 = Debug|Any CPU
		{6CEEB2D6-FB7F-79A2-778A-6A4193F99B99}.Release|Any CPU.ActiveCfg = Release|Any CPU
		{6CEEB2D6-FB7F-79A2-778A-6A4193F99B99}.Release|Any CPU.Build.0 = Release|Any CPU
		{2E27DF60-1373-507B-3A12-FD9FBE315945}.Debug|Any CPU.ActiveCfg = Debug|Any CPU
		{2E27DF60-1373-507B-3A12-FD9FBE315945}.Debug|Any CPU.Build.0 = Debug|Any CPU
		{2E27DF60-1373-507B-3A12-FD9FBE315945}.Release|Any CPU.ActiveCfg = Release|Any CPU
		{2E27DF60-1373-507B-3A12-FD9FBE315945}.Release|Any CPU.Build.0 = Release|Any CPU
		{4EACE549-EB64-669B-0090-4216A29A7D7C}.Debug|Any CPU.ActiveCfg = Debug|Any CPU
		{4EACE549-EB64-669B-0090-4216A29A7D7C}.Debug|Any CPU.Build.0 = Debug|Any CPU
		{4EACE549-EB64-669B-0090-4216A29A7D7C}.Release|Any CPU.ActiveCfg = Release|Any CPU
		{4EACE549-EB64-669B-0090-4216A29A7D7C}.Release|Any CPU.Build.0 = Release|Any CPU
		{7527524D-6564-B819-AF36-5F3DE054C9B0}.Debug|Any CPU.ActiveCfg = Debug|Any CPU
		{7527524D-6564-B819-AF36-5F3DE054C9B0}.Debug|Any CPU.Build.0 = Debug|Any CPU
		{7527524D-6564-B819-AF36-5F3DE054C9B0}.Release|Any CPU.ActiveCfg = Release|Any CPU
		{7527524D-6564-B819-AF36-5F3DE054C9B0}.Release|Any CPU.Build.0 = Release|Any CPU
		{6F4D71F2-0662-F301-FBE4-1A96ED429016}.Debug|Any CPU.ActiveCfg = Debug|Any CPU
		{6F4D71F2-0662-F301-FBE4-1A96ED429016}.Debug|Any CPU.Build.0 = Debug|Any CPU
		{6F4D71F2-0662-F301-FBE4-1A96ED429016}.Release|Any CPU.ActiveCfg = Release|Any CPU
		{6F4D71F2-0662-F301-FBE4-1A96ED429016}.Release|Any CPU.Build.0 = Release|Any CPU
		{1535B5EC-8744-D8F0-4A6D-14DE8FE808DE}.Debug|Any CPU.ActiveCfg = Debug|Any CPU
		{1535B5EC-8744-D8F0-4A6D-14DE8FE808DE}.Debug|Any CPU.Build.0 = Debug|Any CPU
		{1535B5EC-8744-D8F0-4A6D-14DE8FE808DE}.Release|Any CPU.ActiveCfg = Release|Any CPU
		{1535B5EC-8744-D8F0-4A6D-14DE8FE808DE}.Release|Any CPU.Build.0 = Release|Any CPU
		{4188FBC2-03F7-A30A-443D-03D2A598527B}.Debug|Any CPU.ActiveCfg = Debug|Any CPU
		{4188FBC2-03F7-A30A-443D-03D2A598527B}.Debug|Any CPU.Build.0 = Debug|Any CPU
		{4188FBC2-03F7-A30A-443D-03D2A598527B}.Release|Any CPU.ActiveCfg = Release|Any CPU
		{4188FBC2-03F7-A30A-443D-03D2A598527B}.Release|Any CPU.Build.0 = Release|Any CPU
		{D8338F43-4160-001E-3DD5-EDA2BC6F3594}.Debug|Any CPU.ActiveCfg = Debug|Any CPU
		{D8338F43-4160-001E-3DD5-EDA2BC6F3594}.Debug|Any CPU.Build.0 = Debug|Any CPU
		{D8338F43-4160-001E-3DD5-EDA2BC6F3594}.Release|Any CPU.ActiveCfg = Release|Any CPU
		{D8338F43-4160-001E-3DD5-EDA2BC6F3594}.Release|Any CPU.Build.0 = Release|Any CPU
		{DD880994-B7B6-8050-0396-7AB29B15C0DE}.Debug|Any CPU.ActiveCfg = Debug|Any CPU
		{DD880994-B7B6-8050-0396-7AB29B15C0DE}.Debug|Any CPU.Build.0 = Debug|Any CPU
		{DD880994-B7B6-8050-0396-7AB29B15C0DE}.Release|Any CPU.ActiveCfg = Release|Any CPU
		{DD880994-B7B6-8050-0396-7AB29B15C0DE}.Release|Any CPU.Build.0 = Release|Any CPU
		{AC6659AB-E12D-102A-2157-916D85608D5B}.Debug|Any CPU.ActiveCfg = Debug|Any CPU
		{AC6659AB-E12D-102A-2157-916D85608D5B}.Debug|Any CPU.Build.0 = Debug|Any CPU
		{AC6659AB-E12D-102A-2157-916D85608D5B}.Release|Any CPU.ActiveCfg = Release|Any CPU
		{AC6659AB-E12D-102A-2157-916D85608D5B}.Release|Any CPU.Build.0 = Release|Any CPU
		{E2064A3F-AD55-D0B4-F51A-37C289BC7575}.Debug|Any CPU.ActiveCfg = Debug|Any CPU
		{E2064A3F-AD55-D0B4-F51A-37C289BC7575}.Debug|Any CPU.Build.0 = Debug|Any CPU
		{E2064A3F-AD55-D0B4-F51A-37C289BC7575}.Release|Any CPU.ActiveCfg = Release|Any CPU
		{E2064A3F-AD55-D0B4-F51A-37C289BC7575}.Release|Any CPU.Build.0 = Release|Any CPU
		{F88FF1CB-ED91-8271-AF8B-C0F5D693C1FE}.Debug|Any CPU.ActiveCfg = Debug|Any CPU
		{F88FF1CB-ED91-8271-AF8B-C0F5D693C1FE}.Debug|Any CPU.Build.0 = Debug|Any CPU
		{F88FF1CB-ED91-8271-AF8B-C0F5D693C1FE}.Release|Any CPU.ActiveCfg = Release|Any CPU
		{F88FF1CB-ED91-8271-AF8B-C0F5D693C1FE}.Release|Any CPU.Build.0 = Release|Any CPU
		{63F790CF-BFCC-C78E-4E2F-225E534FB1DF}.Debug|Any CPU.ActiveCfg = Debug|Any CPU
		{63F790CF-BFCC-C78E-4E2F-225E534FB1DF}.Debug|Any CPU.Build.0 = Debug|Any CPU
		{63F790CF-BFCC-C78E-4E2F-225E534FB1DF}.Release|Any CPU.ActiveCfg = Release|Any CPU
		{63F790CF-BFCC-C78E-4E2F-225E534FB1DF}.Release|Any CPU.Build.0 = Release|Any CPU
		{B9A4A73F-1CDE-7224-D7F7-161849024807}.Debug|Any CPU.ActiveCfg = Debug|Any CPU
		{B9A4A73F-1CDE-7224-D7F7-161849024807}.Debug|Any CPU.Build.0 = Debug|Any CPU
		{B9A4A73F-1CDE-7224-D7F7-161849024807}.Release|Any CPU.ActiveCfg = Release|Any CPU
		{B9A4A73F-1CDE-7224-D7F7-161849024807}.Release|Any CPU.Build.0 = Release|Any CPU
		{44030E1B-40F8-058B-28B9-F40983CD5B30}.Debug|Any CPU.ActiveCfg = Debug|Any CPU
		{44030E1B-40F8-058B-28B9-F40983CD5B30}.Debug|Any CPU.Build.0 = Debug|Any CPU
		{44030E1B-40F8-058B-28B9-F40983CD5B30}.Release|Any CPU.ActiveCfg = Release|Any CPU
		{44030E1B-40F8-058B-28B9-F40983CD5B30}.Release|Any CPU.Build.0 = Release|Any CPU
		{56A1604E-AE9C-CA18-BAB9-34C1F19498D7}.Debug|Any CPU.ActiveCfg = Debug|Any CPU
		{56A1604E-AE9C-CA18-BAB9-34C1F19498D7}.Debug|Any CPU.Build.0 = Debug|Any CPU
		{56A1604E-AE9C-CA18-BAB9-34C1F19498D7}.Release|Any CPU.ActiveCfg = Release|Any CPU
		{56A1604E-AE9C-CA18-BAB9-34C1F19498D7}.Release|Any CPU.Build.0 = Release|Any CPU
		{50AC884F-EB15-0629-788E-FF81B820479C}.Debug|Any CPU.ActiveCfg = Debug|Any CPU
		{50AC884F-EB15-0629-788E-FF81B820479C}.Debug|Any CPU.Build.0 = Debug|Any CPU
		{50AC884F-EB15-0629-788E-FF81B820479C}.Release|Any CPU.ActiveCfg = Release|Any CPU
		{50AC884F-EB15-0629-788E-FF81B820479C}.Release|Any CPU.Build.0 = Release|Any CPU
		{5A75EA45-C97C-CA8E-56CF-806FD4DD0AF5}.Debug|Any CPU.ActiveCfg = Debug|Any CPU
		{5A75EA45-C97C-CA8E-56CF-806FD4DD0AF5}.Debug|Any CPU.Build.0 = Debug|Any CPU
		{5A75EA45-C97C-CA8E-56CF-806FD4DD0AF5}.Release|Any CPU.ActiveCfg = Release|Any CPU
		{5A75EA45-C97C-CA8E-56CF-806FD4DD0AF5}.Release|Any CPU.Build.0 = Release|Any CPU
		{A05CC904-388D-E3EE-FCFD-F3340B69F5DB}.Debug|Any CPU.ActiveCfg = Debug|Any CPU
		{A05CC904-388D-E3EE-FCFD-F3340B69F5DB}.Debug|Any CPU.Build.0 = Debug|Any CPU
		{A05CC904-388D-E3EE-FCFD-F3340B69F5DB}.Release|Any CPU.ActiveCfg = Release|Any CPU
		{A05CC904-388D-E3EE-FCFD-F3340B69F5DB}.Release|Any CPU.Build.0 = Release|Any CPU
		{A989E8AB-9C5B-2382-3FC3-6D9AF11CEA8F}.Debug|Any CPU.ActiveCfg = Debug|Any CPU
		{A989E8AB-9C5B-2382-3FC3-6D9AF11CEA8F}.Debug|Any CPU.Build.0 = Debug|Any CPU
		{A989E8AB-9C5B-2382-3FC3-6D9AF11CEA8F}.Release|Any CPU.ActiveCfg = Release|Any CPU
		{A989E8AB-9C5B-2382-3FC3-6D9AF11CEA8F}.Release|Any CPU.Build.0 = Release|Any CPU
		{E3A335E4-CE6D-1271-63AB-92673EDE97B5}.Debug|Any CPU.ActiveCfg = Debug|Any CPU
		{E3A335E4-CE6D-1271-63AB-92673EDE97B5}.Debug|Any CPU.Build.0 = Debug|Any CPU
		{E3A335E4-CE6D-1271-63AB-92673EDE97B5}.Release|Any CPU.ActiveCfg = Release|Any CPU
		{E3A335E4-CE6D-1271-63AB-92673EDE97B5}.Release|Any CPU.Build.0 = Release|Any CPU
		{97333CCD-18C1-D9CB-0E08-CA7C9189C242}.Debug|Any CPU.ActiveCfg = Debug|Any CPU
		{97333CCD-18C1-D9CB-0E08-CA7C9189C242}.Debug|Any CPU.Build.0 = Debug|Any CPU
		{97333CCD-18C1-D9CB-0E08-CA7C9189C242}.Release|Any CPU.ActiveCfg = Release|Any CPU
		{97333CCD-18C1-D9CB-0E08-CA7C9189C242}.Release|Any CPU.Build.0 = Release|Any CPU
		{62D4AB0C-9BFD-CC41-15C4-BEFCF31442F1}.Debug|Any CPU.ActiveCfg = Debug|Any CPU
		{62D4AB0C-9BFD-CC41-15C4-BEFCF31442F1}.Debug|Any CPU.Build.0 = Debug|Any CPU
		{62D4AB0C-9BFD-CC41-15C4-BEFCF31442F1}.Release|Any CPU.ActiveCfg = Release|Any CPU
		{62D4AB0C-9BFD-CC41-15C4-BEFCF31442F1}.Release|Any CPU.Build.0 = Release|Any CPU
		{F9B27BFD-82B5-FF54-D2FD-4D1175BD5048}.Debug|Any CPU.ActiveCfg = Debug|Any CPU
		{F9B27BFD-82B5-FF54-D2FD-4D1175BD5048}.Debug|Any CPU.Build.0 = Debug|Any CPU
		{F9B27BFD-82B5-FF54-D2FD-4D1175BD5048}.Release|Any CPU.ActiveCfg = Release|Any CPU
		{F9B27BFD-82B5-FF54-D2FD-4D1175BD5048}.Release|Any CPU.Build.0 = Release|Any CPU
		{0C92A0A4-FB57-492F-DE8D-5AE538356B8F}.Debug|Any CPU.ActiveCfg = Debug|Any CPU
		{0C92A0A4-FB57-492F-DE8D-5AE538356B8F}.Debug|Any CPU.Build.0 = Debug|Any CPU
		{0C92A0A4-FB57-492F-DE8D-5AE538356B8F}.Release|Any CPU.ActiveCfg = Release|Any CPU
		{0C92A0A4-FB57-492F-DE8D-5AE538356B8F}.Release|Any CPU.Build.0 = Release|Any CPU
		{E68C5B3E-4386-B759-1DB9-5F505DFED3B6}.Debug|Any CPU.ActiveCfg = Debug|Any CPU
		{E68C5B3E-4386-B759-1DB9-5F505DFED3B6}.Debug|Any CPU.Build.0 = Debug|Any CPU
		{E68C5B3E-4386-B759-1DB9-5F505DFED3B6}.Release|Any CPU.ActiveCfg = Release|Any CPU
		{E68C5B3E-4386-B759-1DB9-5F505DFED3B6}.Release|Any CPU.Build.0 = Release|Any CPU
		{BDABD9B9-F4F0-12E7-F563-A99285B51EBC}.Debug|Any CPU.ActiveCfg = Debug|Any CPU
		{BDABD9B9-F4F0-12E7-F563-A99285B51EBC}.Debug|Any CPU.Build.0 = Debug|Any CPU
		{BDABD9B9-F4F0-12E7-F563-A99285B51EBC}.Release|Any CPU.ActiveCfg = Release|Any CPU
		{BDABD9B9-F4F0-12E7-F563-A99285B51EBC}.Release|Any CPU.Build.0 = Release|Any CPU
		{BE63ADD6-1404-C3D5-D94B-DC6989DB87D3}.Debug|Any CPU.ActiveCfg = Debug|Any CPU
		{BE63ADD6-1404-C3D5-D94B-DC6989DB87D3}.Debug|Any CPU.Build.0 = Debug|Any CPU
		{BE63ADD6-1404-C3D5-D94B-DC6989DB87D3}.Release|Any CPU.ActiveCfg = Release|Any CPU
		{BE63ADD6-1404-C3D5-D94B-DC6989DB87D3}.Release|Any CPU.Build.0 = Release|Any CPU
		{0DCAECA2-1CF9-70E0-683B-B9116E4173F9}.Debug|Any CPU.ActiveCfg = Debug|Any CPU
		{0DCAECA2-1CF9-70E0-683B-B9116E4173F9}.Debug|Any CPU.Build.0 = Debug|Any CPU
		{0DCAECA2-1CF9-70E0-683B-B9116E4173F9}.Release|Any CPU.ActiveCfg = Release|Any CPU
		{0DCAECA2-1CF9-70E0-683B-B9116E4173F9}.Release|Any CPU.Build.0 = Release|Any CPU
		{6BAB3141-1A48-ABC6-6910-A83248C53D5F}.Debug|Any CPU.ActiveCfg = Debug|Any CPU
		{6BAB3141-1A48-ABC6-6910-A83248C53D5F}.Debug|Any CPU.Build.0 = Debug|Any CPU
		{6BAB3141-1A48-ABC6-6910-A83248C53D5F}.Release|Any CPU.ActiveCfg = Release|Any CPU
		{6BAB3141-1A48-ABC6-6910-A83248C53D5F}.Release|Any CPU.Build.0 = Release|Any CPU
		{F5935C60-539F-9D1E-F69A-909E62EF2BBE}.Debug|Any CPU.ActiveCfg = Debug|Any CPU
		{F5935C60-539F-9D1E-F69A-909E62EF2BBE}.Debug|Any CPU.Build.0 = Debug|Any CPU
		{F5935C60-539F-9D1E-F69A-909E62EF2BBE}.Release|Any CPU.ActiveCfg = Release|Any CPU
		{F5935C60-539F-9D1E-F69A-909E62EF2BBE}.Release|Any CPU.Build.0 = Release|Any CPU
		{0FBE4E73-035D-4463-6CB9-42E257A626CA}.Debug|Any CPU.ActiveCfg = Debug|Any CPU
		{0FBE4E73-035D-4463-6CB9-42E257A626CA}.Debug|Any CPU.Build.0 = Debug|Any CPU
		{0FBE4E73-035D-4463-6CB9-42E257A626CA}.Release|Any CPU.ActiveCfg = Release|Any CPU
		{0FBE4E73-035D-4463-6CB9-42E257A626CA}.Release|Any CPU.Build.0 = Release|Any CPU
		{3B01699F-C591-6E38-6F0E-5D45FE95B432}.Debug|Any CPU.ActiveCfg = Debug|Any CPU
		{3B01699F-C591-6E38-6F0E-5D45FE95B432}.Debug|Any CPU.Build.0 = Debug|Any CPU
		{3B01699F-C591-6E38-6F0E-5D45FE95B432}.Release|Any CPU.ActiveCfg = Release|Any CPU
		{3B01699F-C591-6E38-6F0E-5D45FE95B432}.Release|Any CPU.Build.0 = Release|Any CPU
		{D5BA2CA1-B30B-5932-8DDD-EB0BAE01617F}.Debug|Any CPU.ActiveCfg = Debug|Any CPU
		{D5BA2CA1-B30B-5932-8DDD-EB0BAE01617F}.Debug|Any CPU.Build.0 = Debug|Any CPU
		{D5BA2CA1-B30B-5932-8DDD-EB0BAE01617F}.Release|Any CPU.ActiveCfg = Release|Any CPU
		{D5BA2CA1-B30B-5932-8DDD-EB0BAE01617F}.Release|Any CPU.Build.0 = Release|Any CPU
		{A1275DA3-F982-C256-E850-B55312C7B7D0}.Debug|Any CPU.ActiveCfg = Debug|Any CPU
		{A1275DA3-F982-C256-E850-B55312C7B7D0}.Debug|Any CPU.Build.0 = Debug|Any CPU
		{A1275DA3-F982-C256-E850-B55312C7B7D0}.Release|Any CPU.ActiveCfg = Release|Any CPU
		{A1275DA3-F982-C256-E850-B55312C7B7D0}.Release|Any CPU.Build.0 = Release|Any CPU
		{32E7BE5D-DB81-A31D-20AC-461D7CAA1CBA}.Debug|Any CPU.ActiveCfg = Debug|Any CPU
		{32E7BE5D-DB81-A31D-20AC-461D7CAA1CBA}.Debug|Any CPU.Build.0 = Debug|Any CPU
		{32E7BE5D-DB81-A31D-20AC-461D7CAA1CBA}.Release|Any CPU.ActiveCfg = Release|Any CPU
		{32E7BE5D-DB81-A31D-20AC-461D7CAA1CBA}.Release|Any CPU.Build.0 = Release|Any CPU
	EndGlobalSection
	GlobalSection(SolutionProperties) = preSolution
		HideSolutionNode = FALSE
	EndGlobalSection
EndGlobal
